
Microsoft Visual Studio Solution File, Format Version 12.00
# Visual Studio Version 16
VisualStudioVersion = 16.0.30114.105
MinimumVisualStudioVersion = 10.0.40219.1
Project("{FAE04EC0-301F-11D3-BF4B-00C04F79EFBC}") = "API", "API\API.csproj", "{F08D5D0D-42B4-44C5-802B-F25AE0997D45}"
EndProject
Project("{FAE04EC0-301F-11D3-BF4B-00C04F79EFBC}") = "Core", "Core\Core.csproj", "{2552C848-04BA-45C3-8982-2DE6D468AA25}"
EndProject
Project("{FAE04EC0-301F-11D3-BF4B-00C04F79EFBC}") = "Infrastructure", "Infrastructure\Infrastructure.csproj", "{ACDED3C7-17AC-459E-AAF3-52554FCAED27}"
EndProject
Global
	GlobalSection(SolutionConfigurationPlatforms) = preSolution
		Debug|Any CPU = Debug|Any CPU
		Debug|x64 = Debug|x64
		Debug|x86 = Debug|x86
		Release|Any CPU = Release|Any CPU
		Release|x64 = Release|x64
		Release|x86 = Release|x86
	EndGlobalSection
	GlobalSection(SolutionProperties) = preSolution
		HideSolutionNode = FALSE
	EndGlobalSection
	GlobalSection(ProjectConfigurationPlatforms) = postSolution
		{F08D5D0D-42B4-44C5-802B-F25AE0997D45}.Debug|Any CPU.ActiveCfg = Debug|Any CPU
		{F08D5D0D-42B4-44C5-802B-F25AE0997D45}.Debug|Any CPU.Build.0 = Debug|Any CPU
		{F08D5D0D-42B4-44C5-802B-F25AE0997D45}.Debug|x64.ActiveCfg = Debug|Any CPU
		{F08D5D0D-42B4-44C5-802B-F25AE0997D45}.Debug|x64.Build.0 = Debug|Any CPU
		{F08D5D0D-42B4-44C5-802B-F25AE0997D45}.Debug|x86.ActiveCfg = Debug|Any CPU
		{F08D5D0D-42B4-44C5-802B-F25AE0997D45}.Debug|x86.Build.0 = Debug|Any CPU
		{F08D5D0D-42B4-44C5-802B-F25AE0997D45}.Release|Any CPU.ActiveCfg = Release|Any CPU
		{F08D5D0D-42B4-44C5-802B-F25AE0997D45}.Release|Any CPU.Build.0 = Release|Any CPU
		{F08D5D0D-42B4-44C5-802B-F25AE0997D45}.Release|x64.ActiveCfg = Release|Any CPU
		{F08D5D0D-42B4-44C5-802B-F25AE0997D45}.Release|x64.Build.0 = Release|Any CPU
		{F08D5D0D-42B4-44C5-802B-F25AE0997D45}.Release|x86.ActiveCfg = Release|Any CPU
		{F08D5D0D-42B4-44C5-802B-F25AE0997D45}.Release|x86.Build.0 = Release|Any CPU
		{2552C848-04BA-45C3-8982-2DE6D468AA25}.Debug|Any CPU.ActiveCfg = Debug|Any CPU
		{2552C848-04BA-45C3-8982-2DE6D468AA25}.Debug|Any CPU.Build.0 = Debug|Any CPU
		{2552C848-04BA-45C3-8982-2DE6D468AA25}.Debug|x64.ActiveCfg = Debug|Any CPU
		{2552C848-04BA-45C3-8982-2DE6D468AA25}.Debug|x64.Build.0 = Debug|Any CPU
		{2552C848-04BA-45C3-8982-2DE6D468AA25}.Debug|x86.ActiveCfg = Debug|Any CPU
		{2552C848-04BA-45C3-8982-2DE6D468AA25}.Debug|x86.Build.0 = Debug|Any CPU
		{2552C848-04BA-45C3-8982-2DE6D468AA25}.Release|Any CPU.ActiveCfg = Release|Any CPU
		{2552C848-04BA-45C3-8982-2DE6D468AA25}.Release|Any CPU.Build.0 = Release|Any CPU
		{2552C848-04BA-45C3-8982-2DE6D468AA25}.Release|x64.ActiveCfg = Release|Any CPU
		{2552C848-04BA-45C3-8982-2DE6D468AA25}.Release|x64.Build.0 = Release|Any CPU
		{2552C848-04BA-45C3-8982-2DE6D468AA25}.Release|x86.ActiveCfg = Release|Any CPU
		{2552C848-04BA-45C3-8982-2DE6D468AA25}.Release|x86.Build.0 = Release|Any CPU
		{ACDED3C7-17AC-459E-AAF3-52554FCAED27}.Debug|Any CPU.ActiveCfg = Debug|Any CPU
		{ACDED3C7-17AC-459E-AAF3-52554FCAED27}.Debug|Any CPU.Build.0 = Debug|Any CPU
		{ACDED3C7-17AC-459E-AAF3-52554FCAED27}.Debug|x64.ActiveCfg = Debug|Any CPU
		{ACDED3C7-17AC-459E-AAF3-52554FCAED27}.Debug|x64.Build.0 = Debug|Any CPU
		{ACDED3C7-17AC-459E-AAF3-52554FCAED27}.Debug|x86.ActiveCfg = Debug|Any CPU
		{ACDED3C7-17AC-459E-AAF3-52554FCAED27}.Debug|x86.Build.0 = Debug|Any CPU
		{ACDED3C7-17AC-459E-AAF3-52554FCAED27}.Release|Any CPU.ActiveCfg = Release|Any CPU
		{ACDED3C7-17AC-459E-AAF3-52554FCAED27}.Release|Any CPU.Build.0 = Release|Any CPU
		{ACDED3C7-17AC-459E-AAF3-52554FCAED27}.Release|x64.ActiveCfg = Release|Any CPU
		{ACDED3C7-17AC-459E-AAF3-52554FCAED27}.Release|x64.Build.0 = Release|Any CPU
		{ACDED3C7-17AC-459E-AAF3-52554FCAED27}.Release|x86.ActiveCfg = Release|Any CPU
		{ACDED3C7-17AC-459E-AAF3-52554FCAED27}.Release|x86.Build.0 = Release|Any CPU
	EndGlobalSection
EndGlobal
